
Microsoft Visual Studio Solution File, Format Version 12.00
# Visual Studio Version 17
VisualStudioVersion = 17.9.34728.123
MinimumVisualStudioVersion = 10.0.40219.1
Project("{E24C65DC-7377-472B-9ABA-BC803B73C61A}") = "Segip_soap", "Segip_soap\", "{B410AA0B-C73F-4D4D-891F-4A1F68ACFF07}"
	ProjectSection(WebsiteProperties) = preProject
		TargetFrameworkMoniker = ".NETFramework,Version%3Dv4.7.2"
		Debug.AspNetCompiler.VirtualPath = "/localhost_52094"
		Debug.AspNetCompiler.PhysicalPath = "Segip_soap\"
		Debug.AspNetCompiler.TargetPath = "PrecompiledWeb\localhost_52094\"
		Debug.AspNetCompiler.Updateable = "true"
		Debug.AspNetCompiler.ForceOverwrite = "true"
		Debug.AspNetCompiler.FixedNames = "false"
		Debug.AspNetCompiler.Debug = "True"
		Release.AspNetCompiler.VirtualPath = "/localhost_52094"
		Release.AspNetCompiler.PhysicalPath = "Segip_soap\"
		Release.AspNetCompiler.TargetPath = "PrecompiledWeb\localhost_52094\"
		Release.AspNetCompiler.Updateable = "true"
		Release.AspNetCompiler.ForceOverwrite = "true"
		Release.AspNetCompiler.FixedNames = "false"
		Release.AspNetCompiler.Debug = "False"
		VWDPort = "52094"
		SlnRelativePath = "Segip_soap\"
		DefaultWebSiteLanguage = "Visual C#"
	EndProjectSection
EndProject
Global
	GlobalSection(SolutionConfigurationPlatforms) = preSolution
		Debug|Any CPU = Debug|Any CPU
	EndGlobalSection
	GlobalSection(ProjectConfigurationPlatforms) = postSolution
		{B410AA0B-C73F-4D4D-891F-4A1F68ACFF07}.Debug|Any CPU.ActiveCfg = Debug|Any CPU
		{B410AA0B-C73F-4D4D-891F-4A1F68ACFF07}.Debug|Any CPU.Build.0 = Debug|Any CPU
	EndGlobalSection
	GlobalSection(SolutionProperties) = preSolution
		HideSolutionNode = FALSE
	EndGlobalSection
	GlobalSection(ExtensibilityGlobals) = postSolution
		SolutionGuid = {8D1FB8C2-853F-4294-A340-6B9A0A336CB5}
	EndGlobalSection
EndGlobal
